{
  "name": "portfolio",
  "version": "1.0.0",
  "lockfileVersion": 3,
  "requires": true,
  "packages": {
    "": {
      "name": "portfolio",
      "version": "1.0.0",
      "license": "ISC",
      "dependencies": {
        "@fontsource/poppins": "^4.5.10"
      }
    },
    "node_modules/@fontsource/poppins": {
      "version": "4.5.10",
      "resolved": "https://registry.npmjs.org/@fontsource/poppins/-/poppins-4.5.10.tgz",
      "integrity": "sha512-oYZVHsnlwV3VWM1SE/m6SUxVh0QLk5+2wB+lBiXcI7N/0KVQWmV9YykaPqfJHBLvmdya+MAOnv+BQHeLU1vOOw=="
    }
  }
}
